{
  "name": "graphql-codegen-typescript-schema",
  "version": "1.0.3",
  "lockfileVersion": 3,
  "requires": true,
  "packages": {
    "": {
      "name": "graphql-codegen-typescript-schema",
      "version": "1.0.3",
      "dependencies": {
        "@graphql-tools/utils": "^10.0.0"
      },
      "devDependencies": {
        "@graphql-codegen/plugin-helpers": "^5.0.4",
        "@graphql-tools/apollo-engine-loader": "^8.0.1",
        "@types/node": "^20.14.6",
        "typescript": "^5.4.5"
      },
      "peerDependencies": {
        "graphql": "^14.0.0 || ^15.0.0 || ^16.0.0"
      }
    },
    "node_modules/@ardatan/sync-fetch": {
      "version": "0.0.1",
      "resolved": "https://registry.npmjs.org/@ardatan/sync-fetch/-/sync-fetch-0.0.1.tgz",
      "integrity": "sha512-xhlTqH0m31mnsG0tIP4ETgfSB6gXDaYYsUWTrlUV93fFQPI9dd8hE0Ot6MHLCtqgB32hwJAC3YZMWlXZw7AleA==",
      "dev": true,
      "license": "MIT",
      "dependencies": {
        "node-fetch": "^2.6.1"
      },
      "engines": {
        "node": ">=14"
      }
    },
    "node_modules/@graphql-codegen/plugin-helpers": {
      "version": "5.0.4",
      "resolved": "https://registry.npmjs.org/@graphql-codegen/plugin-helpers/-/plugin-helpers-5.0.4.tgz",
      "integrity": "sha512-MOIuHFNWUnFnqVmiXtrI+4UziMTYrcquljaI5f/T/Bc7oO7sXcfkAvgkNWEEi9xWreYwvuer3VHCuPI/lAFWbw==",
      "dev": true,
      "dependencies": {
        "@graphql-tools/utils": "^10.0.0",
        "change-case-all": "1.0.15",
        "common-tags": "1.8.2",
        "import-from": "4.0.0",
        "lodash": "~4.17.0",
        "tslib": "~2.6.0"
      },
      "peerDependencies": {
        "graphql": "^0.8.0 || ^0.9.0 || ^0.10.0 || ^0.11.0 || ^0.12.0 || ^0.13.0 || ^14.0.0 || ^15.0.0 || ^16.0.0"
      }
    },
    "node_modules/@graphql-tools/apollo-engine-loader": {
      "version": "8.0.1",
      "resolved": "https://registry.npmjs.org/@graphql-tools/apollo-engine-loader/-/apollo-engine-loader-8.0.1.tgz",
      "integrity": "sha512-NaPeVjtrfbPXcl+MLQCJLWtqe2/E4bbAqcauEOQ+3sizw1Fc2CNmhHRF8a6W4D0ekvTRRXAMptXYgA2uConbrA==",
      "dev": true,
      "license": "MIT",
      "dependencies": {
        "@ardatan/sync-fetch": "^0.0.1",
        "@graphql-tools/utils": "^10.0.13",
        "@whatwg-node/fetch": "^0.9.0",
        "tslib": "^2.4.0"
      },
      "engines": {
        "node": ">=16.0.0"
      },
      "peerDependencies": {
        "graphql": "^14.0.0 || ^15.0.0 || ^16.0.0 || ^17.0.0"
      }
    },
    "node_modules/@graphql-tools/utils": {
      "version": "10.2.2",
      "resolved": "https://registry.npmjs.org/@graphql-tools/utils/-/utils-10.2.2.tgz",
      "integrity": "sha512-ueoplzHIgFfxhFrF4Mf/niU/tYHuO6Uekm2nCYU72qpI+7Hn9dA2/o5XOBvFXDk27Lp5VSvQY5WfmRbqwVxaYQ==",
      "license": "MIT",
      "dependencies": {
        "@graphql-typed-document-node/core": "^3.1.1",
        "cross-inspect": "1.0.0",
        "dset": "^3.1.2",
        "tslib": "^2.4.0"
      },
      "engines": {
        "node": ">=16.0.0"
      },
      "peerDependencies": {
        "graphql": "^14.0.0 || ^15.0.0 || ^16.0.0 || ^17.0.0"
      }
    },
    "node_modules/@graphql-typed-document-node/core": {
      "version": "3.2.0",
      "resolved": "https://registry.npmjs.org/@graphql-typed-document-node/core/-/core-3.2.0.tgz",
      "integrity": "sha512-mB9oAsNCm9aM3/SOv4YtBMqZbYj10R7dkq8byBqxGY/ncFwhf2oQzMV+LCRlWoDSEBJ3COiR1yeDvMtsoOsuFQ==",
      "peerDependencies": {
        "graphql": "^0.8.0 || ^0.9.0 || ^0.10.0 || ^0.11.0 || ^0.12.0 || ^0.13.0 || ^14.0.0 || ^15.0.0 || ^16.0.0 || ^17.0.0"
      }
    },
    "node_modules/@kamilkisiela/fast-url-parser": {
      "version": "1.1.4",
      "resolved": "https://registry.npmjs.org/@kamilkisiela/fast-url-parser/-/fast-url-parser-1.1.4.tgz",
      "integrity": "sha512-gbkePEBupNydxCelHCESvFSFM8XPh1Zs/OAVRW/rKpEqPAl5PbOM90Si8mv9bvnR53uPD2s/FiRxdvSejpRJew==",
      "dev": true,
      "license": "MIT"
    },
    "node_modules/@types/node": {
      "version": "20.14.6",
      "resolved": "https://registry.npmjs.org/@types/node/-/node-20.14.6.tgz",
      "integrity": "sha512-JbA0XIJPL1IiNnU7PFxDXyfAwcwVVrOoqyzzyQTyMeVhBzkJVMSkC1LlVsRQ2lpqiY4n6Bb9oCS6lzDKVQxbZw==",
      "dev": true,
      "license": "MIT",
      "dependencies": {
        "undici-types": "~5.26.4"
      }
    },
    "node_modules/@whatwg-node/events": {
      "version": "0.1.1",
      "resolved": "https://registry.npmjs.org/@whatwg-node/events/-/events-0.1.1.tgz",
      "integrity": "sha512-AyQEn5hIPV7Ze+xFoXVU3QTHXVbWPrzaOkxtENMPMuNL6VVHrp4hHfDt9nrQpjO7BgvuM95dMtkycX5M/DZR3w==",
      "dev": true,
      "license": "MIT",
      "engines": {
        "node": ">=16.0.0"
      }
    },
    "node_modules/@whatwg-node/fetch": {
      "version": "0.9.18",
      "resolved": "https://registry.npmjs.org/@whatwg-node/fetch/-/fetch-0.9.18.tgz",
      "integrity": "sha512-hqoz6StCW+AjV/3N+vg0s1ah82ptdVUb9nH2ttj3UbySOXUvytWw2yqy8c1cKzyRk6mDD00G47qS3fZI9/gMjg==",
      "dev": true,
      "license": "MIT",
      "dependencies": {
        "@whatwg-node/node-fetch": "^0.5.7",
        "urlpattern-polyfill": "^10.0.0"
      },
      "engines": {
        "node": ">=16.0.0"
      }
    },
    "node_modules/@whatwg-node/node-fetch": {
      "version": "0.5.11",
      "resolved": "https://registry.npmjs.org/@whatwg-node/node-fetch/-/node-fetch-0.5.11.tgz",
      "integrity": "sha512-LS8tSomZa3YHnntpWt3PP43iFEEl6YeIsvDakczHBKlay5LdkXFr8w7v8H6akpG5nRrzydyB0k1iE2eoL6aKIQ==",
      "dev": true,
      "license": "MIT",
      "dependencies": {
        "@kamilkisiela/fast-url-parser": "^1.1.4",
        "@whatwg-node/events": "^0.1.0",
        "busboy": "^1.6.0",
        "fast-querystring": "^1.1.1",
        "tslib": "^2.3.1"
      },
      "engines": {
        "node": ">=16.0.0"
      }
    },
    "node_modules/busboy": {
      "version": "1.6.0",
      "resolved": "https://registry.npmjs.org/busboy/-/busboy-1.6.0.tgz",
      "integrity": "sha512-8SFQbg/0hQ9xy3UNTB0YEnsNBbWfhf7RtnzpL7TkBiTBRfrQ9Fxcnz7VJsleJpyp6rVLvXiuORqjlHi5q+PYuA==",
      "dev": true,
      "dependencies": {
        "streamsearch": "^1.1.0"
      },
      "engines": {
        "node": ">=10.16.0"
      }
    },
    "node_modules/camel-case": {
      "version": "4.1.2",
      "resolved": "https://registry.npmjs.org/camel-case/-/camel-case-4.1.2.tgz",
      "integrity": "sha512-gxGWBrTT1JuMx6R+o5PTXMmUnhnVzLQ9SNutD4YqKtI6ap897t3tKECYla6gCWEkplXnlNybEkZg9GEGxKFCgw==",
      "dev": true,
      "dependencies": {
        "pascal-case": "^3.1.2",
        "tslib": "^2.0.3"
      }
    },
    "node_modules/capital-case": {
      "version": "1.0.4",
      "resolved": "https://registry.npmjs.org/capital-case/-/capital-case-1.0.4.tgz",
      "integrity": "sha512-ds37W8CytHgwnhGGTi88pcPyR15qoNkOpYwmMMfnWqqWgESapLqvDx6huFjQ5vqWSn2Z06173XNA7LtMOeUh1A==",
      "dev": true,
      "dependencies": {
        "no-case": "^3.0.4",
        "tslib": "^2.0.3",
        "upper-case-first": "^2.0.2"
      }
    },
    "node_modules/change-case": {
      "version": "4.1.2",
      "resolved": "https://registry.npmjs.org/change-case/-/change-case-4.1.2.tgz",
      "integrity": "sha512-bSxY2ws9OtviILG1EiY5K7NNxkqg/JnRnFxLtKQ96JaviiIxi7djMrSd0ECT9AC+lttClmYwKw53BWpOMblo7A==",
      "dev": true,
      "dependencies": {
        "camel-case": "^4.1.2",
        "capital-case": "^1.0.4",
        "constant-case": "^3.0.4",
        "dot-case": "^3.0.4",
        "header-case": "^2.0.4",
        "no-case": "^3.0.4",
        "param-case": "^3.0.4",
        "pascal-case": "^3.1.2",
        "path-case": "^3.0.4",
        "sentence-case": "^3.0.4",
        "snake-case": "^3.0.4",
        "tslib": "^2.0.3"
      }
    },
    "node_modules/change-case-all": {
      "version": "1.0.15",
      "resolved": "https://registry.npmjs.org/change-case-all/-/change-case-all-1.0.15.tgz",
      "integrity": "sha512-3+GIFhk3sNuvFAJKU46o26OdzudQlPNBCu1ZQi3cMeMHhty1bhDxu2WrEilVNYaGvqUtR1VSigFcJOiS13dRhQ==",
      "dev": true,
      "dependencies": {
        "change-case": "^4.1.2",
        "is-lower-case": "^2.0.2",
        "is-upper-case": "^2.0.2",
        "lower-case": "^2.0.2",
        "lower-case-first": "^2.0.2",
        "sponge-case": "^1.0.1",
        "swap-case": "^2.0.2",
        "title-case": "^3.0.3",
        "upper-case": "^2.0.2",
        "upper-case-first": "^2.0.2"
      }
    },
    "node_modules/common-tags": {
      "version": "1.8.2",
      "resolved": "https://registry.npmjs.org/common-tags/-/common-tags-1.8.2.tgz",
      "integrity": "sha512-gk/Z852D2Wtb//0I+kRFNKKE9dIIVirjoqPoA1wJU+XePVXZfGeBpk45+A1rKO4Q43prqWBNY/MiIeRLbPWUaA==",
      "dev": true,
      "engines": {
        "node": ">=4.0.0"
      }
    },
    "node_modules/constant-case": {
      "version": "3.0.4",
      "resolved": "https://registry.npmjs.org/constant-case/-/constant-case-3.0.4.tgz",
      "integrity": "sha512-I2hSBi7Vvs7BEuJDr5dDHfzb/Ruj3FyvFyh7KLilAjNQw3Be+xgqUBA2W6scVEcL0hL1dwPRtIqEPVUCKkSsyQ==",
      "dev": true,
      "dependencies": {
        "no-case": "^3.0.4",
        "tslib": "^2.0.3",
        "upper-case": "^2.0.2"
      }
    },
    "node_modules/cross-inspect": {
      "version": "1.0.0",
      "resolved": "https://registry.npmjs.org/cross-inspect/-/cross-inspect-1.0.0.tgz",
      "integrity": "sha512-4PFfn4b5ZN6FMNGSZlyb7wUhuN8wvj8t/VQHZdM4JsDcruGJ8L2kf9zao98QIrBPFCpdk27qst/AGTl7pL3ypQ==",
      "dependencies": {
        "tslib": "^2.4.0"
      },
      "engines": {
        "node": ">=16.0.0"
      }
    },
    "node_modules/dot-case": {
      "version": "3.0.4",
      "resolved": "https://registry.npmjs.org/dot-case/-/dot-case-3.0.4.tgz",
      "integrity": "sha512-Kv5nKlh6yRrdrGvxeJ2e5y2eRUpkUosIW4A2AS38zwSz27zu7ufDwQPi5Jhs3XAlGNetl3bmnGhQsMtkKJnj3w==",
      "dev": true,
      "dependencies": {
        "no-case": "^3.0.4",
        "tslib": "^2.0.3"
      }
    },
    "node_modules/dset": {
      "version": "3.1.3",
      "resolved": "https://registry.npmjs.org/dset/-/dset-3.1.3.tgz",
      "integrity": "sha512-20TuZZHCEZ2O71q9/+8BwKwZ0QtD9D8ObhrihJPr+vLLYlSuAU3/zL4cSlgbfeoGHTjCSJBa7NGcrF9/Bx/WJQ==",
      "engines": {
        "node": ">=4"
      }
    },
    "node_modules/fast-decode-uri-component": {
      "version": "1.0.1",
      "resolved": "https://registry.npmjs.org/fast-decode-uri-component/-/fast-decode-uri-component-1.0.1.tgz",
      "integrity": "sha512-WKgKWg5eUxvRZGwW8FvfbaH7AXSh2cL+3j5fMGzUMCxWBJ3dV3a7Wz8y2f/uQ0e3B6WmodD3oS54jTQ9HVTIIg==",
      "dev": true,
      "license": "MIT"
    },
    "node_modules/fast-querystring": {
      "version": "1.1.2",
      "resolved": "https://registry.npmjs.org/fast-querystring/-/fast-querystring-1.1.2.tgz",
      "integrity": "sha512-g6KuKWmFXc0fID8WWH0jit4g0AGBoJhCkJMb1RmbsSEUNvQ+ZC8D6CUZ+GtF8nMzSPXnhiePyyqqipzNNEnHjg==",
      "dev": true,
      "license": "MIT",
      "dependencies": {
        "fast-decode-uri-component": "^1.0.1"
      }
    },
    "node_modules/graphql": {
      "version": "16.8.2",
      "resolved": "https://registry.npmjs.org/graphql/-/graphql-16.8.2.tgz",
      "integrity": "sha512-cvVIBILwuoSyD54U4cF/UXDh5yAobhNV/tPygI4lZhgOIJQE/WLWC4waBRb4I6bDVYb3OVx3lfHbaQOEoUD5sg==",
      "license": "MIT",
      "peer": true,
      "engines": {
        "node": "^12.22.0 || ^14.16.0 || ^16.0.0 || >=17.0.0"
      }
    },
    "node_modules/header-case": {
      "version": "2.0.4",
      "resolved": "https://registry.npmjs.org/header-case/-/header-case-2.0.4.tgz",
      "integrity": "sha512-H/vuk5TEEVZwrR0lp2zed9OCo1uAILMlx0JEMgC26rzyJJ3N1v6XkwHHXJQdR2doSjcGPM6OKPYoJgf0plJ11Q==",
      "dev": true,
      "dependencies": {
        "capital-case": "^1.0.4",
        "tslib": "^2.0.3"
      }
    },
    "node_modules/import-from": {
      "version": "4.0.0",
      "resolved": "https://registry.npmjs.org/import-from/-/import-from-4.0.0.tgz",
      "integrity": "sha512-P9J71vT5nLlDeV8FHs5nNxaLbrpfAV5cF5srvbZfpwpcJoM/xZR3hiv+q+SAnuSmuGbXMWud063iIMx/V/EWZQ==",
      "dev": true,
      "engines": {
        "node": ">=12.2"
      },
      "funding": {
        "url": "https://github.com/sponsors/sindresorhus"
      }
    },
    "node_modules/is-lower-case": {
      "version": "2.0.2",
      "resolved": "https://registry.npmjs.org/is-lower-case/-/is-lower-case-2.0.2.tgz",
      "integrity": "sha512-bVcMJy4X5Og6VZfdOZstSexlEy20Sr0k/p/b2IlQJlfdKAQuMpiv5w2Ccxb8sKdRUNAG1PnHVHjFSdRDVS6NlQ==",
      "dev": true,
      "dependencies": {
        "tslib": "^2.0.3"
      }
    },
    "node_modules/is-upper-case": {
      "version": "2.0.2",
      "resolved": "https://registry.npmjs.org/is-upper-case/-/is-upper-case-2.0.2.tgz",
      "integrity": "sha512-44pxmxAvnnAOwBg4tHPnkfvgjPwbc5QIsSstNU+YcJ1ovxVzCWpSGosPJOZh/a1tdl81fbgnLc9LLv+x2ywbPQ==",
      "dev": true,
      "dependencies": {
        "tslib": "^2.0.3"
      }
    },
    "node_modules/lodash": {
      "version": "4.17.21",
      "resolved": "https://registry.npmjs.org/lodash/-/lodash-4.17.21.tgz",
      "integrity": "sha512-v2kDEe57lecTulaDIuNTPy3Ry4gLGJ6Z1O3vE1krgXZNrsQ+LFTGHVxVjcXPs17LhbZVGedAJv8XZ1tvj5FvSg==",
      "dev": true
    },
    "node_modules/lower-case": {
      "version": "2.0.2",
      "resolved": "https://registry.npmjs.org/lower-case/-/lower-case-2.0.2.tgz",
      "integrity": "sha512-7fm3l3NAF9WfN6W3JOmf5drwpVqX78JtoGJ3A6W0a6ZnldM41w2fV5D490psKFTpMds8TJse/eHLFFsNHHjHgg==",
      "dev": true,
      "dependencies": {
        "tslib": "^2.0.3"
      }
    },
    "node_modules/lower-case-first": {
      "version": "2.0.2",
      "resolved": "https://registry.npmjs.org/lower-case-first/-/lower-case-first-2.0.2.tgz",
      "integrity": "sha512-EVm/rR94FJTZi3zefZ82fLWab+GX14LJN4HrWBcuo6Evmsl9hEfnqxgcHCKb9q+mNf6EVdsjx/qucYFIIB84pg==",
      "dev": true,
      "dependencies": {
        "tslib": "^2.0.3"
      }
    },
    "node_modules/no-case": {
      "version": "3.0.4",
      "resolved": "https://registry.npmjs.org/no-case/-/no-case-3.0.4.tgz",
      "integrity": "sha512-fgAN3jGAh+RoxUGZHTSOLJIqUc2wmoBwGR4tbpNAKmmovFoWq0OdRkb0VkldReO2a2iBT/OEulG9XSUc10r3zg==",
      "dev": true,
      "dependencies": {
        "lower-case": "^2.0.2",
        "tslib": "^2.0.3"
      }
    },
    "node_modules/node-fetch": {
      "version": "2.7.0",
      "resolved": "https://registry.npmjs.org/node-fetch/-/node-fetch-2.7.0.tgz",
      "integrity": "sha512-c4FRfUm/dbcWZ7U+1Wq0AwCyFL+3nt2bEw05wfxSz+DWpWsitgmSgYmy2dQdWyKC1694ELPqMs/YzUSNozLt8A==",
      "dev": true,
      "license": "MIT",
      "dependencies": {
        "whatwg-url": "^5.0.0"
      },
      "engines": {
        "node": "4.x || >=6.0.0"
      },
      "peerDependencies": {
        "encoding": "^0.1.0"
      },
      "peerDependenciesMeta": {
        "encoding": {
          "optional": true
        }
      }
    },
    "node_modules/param-case": {
      "version": "3.0.4",
      "resolved": "https://registry.npmjs.org/param-case/-/param-case-3.0.4.tgz",
      "integrity": "sha512-RXlj7zCYokReqWpOPH9oYivUzLYZ5vAPIfEmCTNViosC78F8F0H9y7T7gG2M39ymgutxF5gcFEsyZQSph9Bp3A==",
      "dev": true,
      "dependencies": {
        "dot-case": "^3.0.4",
        "tslib": "^2.0.3"
      }
    },
    "node_modules/pascal-case": {
      "version": "3.1.2",
      "resolved": "https://registry.npmjs.org/pascal-case/-/pascal-case-3.1.2.tgz",
      "integrity": "sha512-uWlGT3YSnK9x3BQJaOdcZwrnV6hPpd8jFH1/ucpiLRPh/2zCVJKS19E4GvYHvaCcACn3foXZ0cLB9Wrx1KGe5g==",
      "dev": true,
      "dependencies": {
        "no-case": "^3.0.4",
        "tslib": "^2.0.3"
      }
    },
    "node_modules/path-case": {
      "version": "3.0.4",
      "resolved": "https://registry.npmjs.org/path-case/-/path-case-3.0.4.tgz",
      "integrity": "sha512-qO4qCFjXqVTrcbPt/hQfhTQ+VhFsqNKOPtytgNKkKxSoEp3XPUQ8ObFuePylOIok5gjn69ry8XiULxCwot3Wfg==",
      "dev": true,
      "dependencies": {
        "dot-case": "^3.0.4",
        "tslib": "^2.0.3"
      }
    },
    "node_modules/sentence-case": {
      "version": "3.0.4",
      "resolved": "https://registry.npmjs.org/sentence-case/-/sentence-case-3.0.4.tgz",
      "integrity": "sha512-8LS0JInaQMCRoQ7YUytAo/xUu5W2XnQxV2HI/6uM6U7CITS1RqPElr30V6uIqyMKM9lJGRVFy5/4CuzcixNYSg==",
      "dev": true,
      "dependencies": {
        "no-case": "^3.0.4",
        "tslib": "^2.0.3",
        "upper-case-first": "^2.0.2"
      }
    },
    "node_modules/snake-case": {
      "version": "3.0.4",
      "resolved": "https://registry.npmjs.org/snake-case/-/snake-case-3.0.4.tgz",
      "integrity": "sha512-LAOh4z89bGQvl9pFfNF8V146i7o7/CqFPbqzYgP+yYzDIDeS9HaNFtXABamRW+AQzEVODcvE79ljJ+8a9YSdMg==",
      "dev": true,
      "dependencies": {
        "dot-case": "^3.0.4",
        "tslib": "^2.0.3"
      }
    },
    "node_modules/sponge-case": {
      "version": "1.0.1",
      "resolved": "https://registry.npmjs.org/sponge-case/-/sponge-case-1.0.1.tgz",
      "integrity": "sha512-dblb9Et4DAtiZ5YSUZHLl4XhH4uK80GhAZrVXdN4O2P4gQ40Wa5UIOPUHlA/nFd2PLblBZWUioLMMAVrgpoYcA==",
      "dev": true,
      "dependencies": {
        "tslib": "^2.0.3"
      }
    },
    "node_modules/streamsearch": {
      "version": "1.1.0",
      "resolved": "https://registry.npmjs.org/streamsearch/-/streamsearch-1.1.0.tgz",
      "integrity": "sha512-Mcc5wHehp9aXz1ax6bZUyY5afg9u2rv5cqQI3mRrYkGC8rW2hM02jWuwjtL++LS5qinSyhj2QfLyNsuc+VsExg==",
      "dev": true,
      "engines": {
        "node": ">=10.0.0"
      }
    },
    "node_modules/swap-case": {
      "version": "2.0.2",
      "resolved": "https://registry.npmjs.org/swap-case/-/swap-case-2.0.2.tgz",
      "integrity": "sha512-kc6S2YS/2yXbtkSMunBtKdah4VFETZ8Oh6ONSmSd9bRxhqTrtARUCBUiWXH3xVPpvR7tz2CSnkuXVE42EcGnMw==",
      "dev": true,
      "dependencies": {
        "tslib": "^2.0.3"
      }
    },
    "node_modules/title-case": {
      "version": "3.0.3",
      "resolved": "https://registry.npmjs.org/title-case/-/title-case-3.0.3.tgz",
      "integrity": "sha512-e1zGYRvbffpcHIrnuqT0Dh+gEJtDaxDSoG4JAIpq4oDFyooziLBIiYQv0GBT4FUAnUop5uZ1hiIAj7oAF6sOCA==",
      "dev": true,
      "dependencies": {
        "tslib": "^2.0.3"
      }
    },
    "node_modules/tr46": {
      "version": "0.0.3",
      "resolved": "https://registry.npmjs.org/tr46/-/tr46-0.0.3.tgz",
      "integrity": "sha512-N3WMsuqV66lT30CrXNbEjx4GEwlow3v6rr4mCcv6prnfwhS01rkgyFdjPNBYd9br7LpXV1+Emh01fHnq2Gdgrw==",
      "dev": true,
      "license": "MIT"
    },
    "node_modules/tslib": {
      "version": "2.6.3",
      "resolved": "https://registry.npmjs.org/tslib/-/tslib-2.6.3.tgz",
      "integrity": "sha512-xNvxJEOUiWPGhUuUdQgAJPKOOJfGnIyKySOc09XkKsgdUV/3E2zvwZYdejjmRgPCgcym1juLH3226yA7sEFJKQ=="
    },
    "node_modules/typescript": {
      "version": "5.4.5",
      "resolved": "https://registry.npmjs.org/typescript/-/typescript-5.4.5.tgz",
      "integrity": "sha512-vcI4UpRgg81oIRUFwR0WSIHKt11nJ7SAVlYNIu+QpqeyXP+gpQJy/Z4+F0aGxSE4MqwjyXvW/TzgkLAx2AGHwQ==",
      "dev": true,
      "bin": {
        "tsc": "bin/tsc",
        "tsserver": "bin/tsserver"
      },
      "engines": {
        "node": ">=14.17"
      }
    },
    "node_modules/undici-types": {
      "version": "5.26.5",
      "resolved": "https://registry.npmjs.org/undici-types/-/undici-types-5.26.5.tgz",
      "integrity": "sha512-JlCMO+ehdEIKqlFxk6IfVoAUVmgz7cU7zD/h9XZ0qzeosSHmUJVOzSQvvYSYWXkFXC+IfLKSIffhv0sVZup6pA==",
      "dev": true,
      "license": "MIT"
    },
    "node_modules/upper-case": {
      "version": "2.0.2",
      "resolved": "https://registry.npmjs.org/upper-case/-/upper-case-2.0.2.tgz",
      "integrity": "sha512-KgdgDGJt2TpuwBUIjgG6lzw2GWFRCW9Qkfkiv0DxqHHLYJHmtmdUIKcZd8rHgFSjopVTlw6ggzCm1b8MFQwikg==",
      "dev": true,
      "dependencies": {
        "tslib": "^2.0.3"
      }
    },
    "node_modules/upper-case-first": {
      "version": "2.0.2",
      "resolved": "https://registry.npmjs.org/upper-case-first/-/upper-case-first-2.0.2.tgz",
      "integrity": "sha512-514ppYHBaKwfJRK/pNC6c/OxfGa0obSnAl106u97Ed0I625Nin96KAjttZF6ZL3e1XLtphxnqrOi9iWgm+u+bg==",
      "dev": true,
      "dependencies": {
        "tslib": "^2.0.3"
      }
    },
    "node_modules/urlpattern-polyfill": {
      "version": "10.0.0",
      "resolved": "https://registry.npmjs.org/urlpattern-polyfill/-/urlpattern-polyfill-10.0.0.tgz",
      "integrity": "sha512-H/A06tKD7sS1O1X2SshBVeA5FLycRpjqiBeqGKmBwBDBy28EnRjORxTNe269KSSr5un5qyWi1iL61wLxpd+ZOg==",
      "dev": true,
      "license": "MIT"
    },
    "node_modules/webidl-conversions": {
      "version": "3.0.1",
      "resolved": "https://registry.npmjs.org/webidl-conversions/-/webidl-conversions-3.0.1.tgz",
      "integrity": "sha512-2JAn3z8AR6rjK8Sm8orRC0h/bcl/DqL7tRPdGZ4I1CjdF+EaMLmYxBHyXuKL849eucPFhvBoxMsflfOb8kxaeQ==",
      "dev": true,
      "license": "BSD-2-Clause"
    },
    "node_modules/whatwg-url": {
      "version": "5.0.0",
      "resolved": "https://registry.npmjs.org/whatwg-url/-/whatwg-url-5.0.0.tgz",
      "integrity": "sha512-saE57nupxk6v3HY35+jzBwYa0rKSy0XR8JSxZPwgLr7ys0IBzhGviA1/TUGJLmSVqs8pb9AnvICXEuOHLprYTw==",
      "dev": true,
      "license": "MIT",
      "dependencies": {
        "tr46": "~0.0.3",
        "webidl-conversions": "^3.0.0"
      }
    }
  }
}
