lockfileVersion: '9.0'

settings:
  autoInstallPeers: true
  excludeLinksFromLockfile: false

importers:

  .:
    dependencies:
      '@graphql-tools/utils':
        specifier: ^10.0.0
        version: 10.8.6(graphql@16.11.0)
      graphql:
        specifier: ^14.0.0 || ^15.0.0 || ^16.0.0
        version: 16.11.0
    devDependencies:
      '@graphql-codegen/plugin-helpers':
        specifier: ^5.0.4
        version: 5.1.1(graphql@16.11.0)
      '@graphql-tools/apollo-engine-loader':
        specifier: ^8.0.1
        version: 8.0.20(graphql@16.11.0)
      '@types/node':
        specifier: ^20.14.6
        version: 20.19.2
      typescript:
        specifier: ^5.4.5
        version: 5.8.3

packages:

  '@fastify/busboy@3.1.1':
    resolution: {integrity: sha512-5DGmA8FTdB2XbDeEwc/5ZXBl6UbBAyBOOLlPuBnZ/N1SwdH9Ii+cOX3tBROlDgcTXxjOYnLMVoKk9+FXAw0CJw==}

  '@graphql-codegen/plugin-helpers@5.1.1':
    resolution: {integrity: sha512-28GHODK2HY1NhdyRcPP3sCz0Kqxyfiz7boIZ8qIxFYmpLYnlDgiYok5fhFLVSZihyOpCs4Fa37gVHf/Q4I2FEg==}
    engines: {node: '>=16'}
    peerDependencies:
      graphql: ^0.8.0 || ^0.9.0 || ^0.10.0 || ^0.11.0 || ^0.12.0 || ^0.13.0 || ^14.0.0 || ^15.0.0 || ^16.0.0

  '@graphql-tools/apollo-engine-loader@8.0.20':
    resolution: {integrity: sha512-m5k9nXSyjq31yNsEqDXLyykEjjn3K3Mo73oOKI+Xjy8cpnsgbT4myeUJIYYQdLrp7fr9Y9p7ZgwT5YcnwmnAbA==}
    engines: {node: '>=16.0.0'}
    peerDependencies:
      graphql: ^14.0.0 || ^15.0.0 || ^16.0.0 || ^17.0.0

  '@graphql-tools/utils@10.8.6':
    resolution: {integrity: sha512-Alc9Vyg0oOsGhRapfL3xvqh1zV8nKoFUdtLhXX7Ki4nClaIJXckrA86j+uxEuG3ic6j4jlM1nvcWXRn/71AVLQ==}
    engines: {node: '>=16.0.0'}
    peerDependencies:
      graphql: ^14.0.0 || ^15.0.0 || ^16.0.0 || ^17.0.0

  '@graphql-typed-document-node/core@3.2.0':
    resolution: {integrity: sha512-mB9oAsNCm9aM3/SOv4YtBMqZbYj10R7dkq8byBqxGY/ncFwhf2oQzMV+LCRlWoDSEBJ3COiR1yeDvMtsoOsuFQ==}
    peerDependencies:
      graphql: ^0.8.0 || ^0.9.0 || ^0.10.0 || ^0.11.0 || ^0.12.0 || ^0.13.0 || ^14.0.0 || ^15.0.0 || ^16.0.0 || ^17.0.0

  '@types/node@20.19.2':
    resolution: {integrity: sha512-9pLGGwdzOUBDYi0GNjM97FIA+f92fqSke6joWeBjWXllfNxZBs7qeMF7tvtOIsbY45xkWkxrdwUfUf3MnQa9gA==}

  '@whatwg-node/disposablestack@0.0.6':
    resolution: {integrity: sha512-LOtTn+JgJvX8WfBVJtF08TGrdjuFzGJc4mkP8EdDI8ADbvO7kiexYep1o8dwnt0okb0jYclCDXF13xU7Ge4zSw==}
    engines: {node: '>=18.0.0'}

  '@whatwg-node/fetch@0.10.8':
    resolution: {integrity: sha512-Rw9z3ctmeEj8QIB9MavkNJqekiu9usBCSMZa+uuAvM0lF3v70oQVCXNppMIqaV6OTZbdaHF1M2HLow58DEw+wg==}
    engines: {node: '>=18.0.0'}

  '@whatwg-node/node-fetch@0.7.21':
    resolution: {integrity: sha512-QC16IdsEyIW7kZd77aodrMO7zAoDyyqRCTLg+qG4wqtP4JV9AA+p7/lgqMdD29XyiYdVvIdFrfI9yh7B1QvRvw==}
    engines: {node: '>=18.0.0'}

  '@whatwg-node/promise-helpers@1.3.2':
    resolution: {integrity: sha512-Nst5JdK47VIl9UcGwtv2Rcgyn5lWtZ0/mhRQ4G8NN2isxpq2TO30iqHzmwoJycjWuyUfg3GFXqP/gFHXeV57IA==}
    engines: {node: '>=16.0.0'}

  camel-case@4.1.2:
    resolution: {integrity: sha512-gxGWBrTT1JuMx6R+o5PTXMmUnhnVzLQ9SNutD4YqKtI6ap897t3tKECYla6gCWEkplXnlNybEkZg9GEGxKFCgw==}

  capital-case@1.0.4:
    resolution: {integrity: sha512-ds37W8CytHgwnhGGTi88pcPyR15qoNkOpYwmMMfnWqqWgESapLqvDx6huFjQ5vqWSn2Z06173XNA7LtMOeUh1A==}

  change-case-all@1.0.15:
    resolution: {integrity: sha512-3+GIFhk3sNuvFAJKU46o26OdzudQlPNBCu1ZQi3cMeMHhty1bhDxu2WrEilVNYaGvqUtR1VSigFcJOiS13dRhQ==}

  change-case@4.1.2:
    resolution: {integrity: sha512-bSxY2ws9OtviILG1EiY5K7NNxkqg/JnRnFxLtKQ96JaviiIxi7djMrSd0ECT9AC+lttClmYwKw53BWpOMblo7A==}

  common-tags@1.8.2:
    resolution: {integrity: sha512-gk/Z852D2Wtb//0I+kRFNKKE9dIIVirjoqPoA1wJU+XePVXZfGeBpk45+A1rKO4Q43prqWBNY/MiIeRLbPWUaA==}
    engines: {node: '>=4.0.0'}

  constant-case@3.0.4:
    resolution: {integrity: sha512-I2hSBi7Vvs7BEuJDr5dDHfzb/Ruj3FyvFyh7KLilAjNQw3Be+xgqUBA2W6scVEcL0hL1dwPRtIqEPVUCKkSsyQ==}

  cross-inspect@1.0.1:
    resolution: {integrity: sha512-Pcw1JTvZLSJH83iiGWt6fRcT+BjZlCDRVwYLbUcHzv/CRpB7r0MlSrGbIyQvVSNyGnbt7G4AXuyCiDR3POvZ1A==}
    engines: {node: '>=16.0.0'}

  data-uri-to-buffer@4.0.1:
    resolution: {integrity: sha512-0R9ikRb668HB7QDxT1vkpuUBtqc53YyAwMwGeUFKRojY/NWKvdZ+9UYtRfGmhqNbRkTSVpMbmyhXipFFv2cb/A==}
    engines: {node: '>= 12'}

  dot-case@3.0.4:
    resolution: {integrity: sha512-Kv5nKlh6yRrdrGvxeJ2e5y2eRUpkUosIW4A2AS38zwSz27zu7ufDwQPi5Jhs3XAlGNetl3bmnGhQsMtkKJnj3w==}

  dset@3.1.4:
    resolution: {integrity: sha512-2QF/g9/zTaPDc3BjNcVTGoBbXBgYfMTTceLaYcFJ/W9kggFUkhxD/hMEeuLKbugyef9SqAx8cpgwlIP/jinUTA==}
    engines: {node: '>=4'}

  fetch-blob@3.2.0:
    resolution: {integrity: sha512-7yAQpD2UMJzLi1Dqv7qFYnPbaPx7ZfFK6PiIxQ4PfkGPyNyl2Ugx+a/umUonmKqjhM4DnfbMvdX6otXq83soQQ==}
    engines: {node: ^12.20 || >= 14.13}

  formdata-polyfill@4.0.10:
    resolution: {integrity: sha512-buewHzMvYL29jdeQTVILecSaZKnt/RJWjoZCF5OW60Z67/GmSLBkOFM7qh1PI3zFNtJbaZL5eQu1vLfazOwj4g==}
    engines: {node: '>=12.20.0'}

  graphql@16.11.0:
    resolution: {integrity: sha512-mS1lbMsxgQj6hge1XZ6p7GPhbrtFwUFYi3wRzXAC/FmYnyXMTvvI3td3rjmQ2u8ewXueaSvRPWaEcgVVOT9Jnw==}
    engines: {node: ^12.22.0 || ^14.16.0 || ^16.0.0 || >=17.0.0}

  header-case@2.0.4:
    resolution: {integrity: sha512-H/vuk5TEEVZwrR0lp2zed9OCo1uAILMlx0JEMgC26rzyJJ3N1v6XkwHHXJQdR2doSjcGPM6OKPYoJgf0plJ11Q==}

  import-from@4.0.0:
    resolution: {integrity: sha512-P9J71vT5nLlDeV8FHs5nNxaLbrpfAV5cF5srvbZfpwpcJoM/xZR3hiv+q+SAnuSmuGbXMWud063iIMx/V/EWZQ==}
    engines: {node: '>=12.2'}

  is-lower-case@2.0.2:
    resolution: {integrity: sha512-bVcMJy4X5Og6VZfdOZstSexlEy20Sr0k/p/b2IlQJlfdKAQuMpiv5w2Ccxb8sKdRUNAG1PnHVHjFSdRDVS6NlQ==}

  is-upper-case@2.0.2:
    resolution: {integrity: sha512-44pxmxAvnnAOwBg4tHPnkfvgjPwbc5QIsSstNU+YcJ1ovxVzCWpSGosPJOZh/a1tdl81fbgnLc9LLv+x2ywbPQ==}

  lodash@4.17.21:
    resolution: {integrity: sha512-v2kDEe57lecTulaDIuNTPy3Ry4gLGJ6Z1O3vE1krgXZNrsQ+LFTGHVxVjcXPs17LhbZVGedAJv8XZ1tvj5FvSg==}

  lower-case-first@2.0.2:
    resolution: {integrity: sha512-EVm/rR94FJTZi3zefZ82fLWab+GX14LJN4HrWBcuo6Evmsl9hEfnqxgcHCKb9q+mNf6EVdsjx/qucYFIIB84pg==}

  lower-case@2.0.2:
    resolution: {integrity: sha512-7fm3l3NAF9WfN6W3JOmf5drwpVqX78JtoGJ3A6W0a6ZnldM41w2fV5D490psKFTpMds8TJse/eHLFFsNHHjHgg==}

  no-case@3.0.4:
    resolution: {integrity: sha512-fgAN3jGAh+RoxUGZHTSOLJIqUc2wmoBwGR4tbpNAKmmovFoWq0OdRkb0VkldReO2a2iBT/OEulG9XSUc10r3zg==}

  node-domexception@1.0.0:
    resolution: {integrity: sha512-/jKZoMpw0F8GRwl4/eLROPA3cfcXtLApP0QzLmUT/HuPCZWyB7IY9ZrMeKw2O/nFIqPQB3PVM9aYm0F312AXDQ==}
    engines: {node: '>=10.5.0'}
    deprecated: Use your platform's native DOMException instead

  node-fetch@3.3.2:
    resolution: {integrity: sha512-dRB78srN/l6gqWulah9SrxeYnxeddIG30+GOqK/9OlLVyLg3HPnr6SqOWTWOXKRwC2eGYCkZ59NNuSgvSrpgOA==}
    engines: {node: ^12.20.0 || ^14.13.1 || >=16.0.0}

  param-case@3.0.4:
    resolution: {integrity: sha512-RXlj7zCYokReqWpOPH9oYivUzLYZ5vAPIfEmCTNViosC78F8F0H9y7T7gG2M39ymgutxF5gcFEsyZQSph9Bp3A==}

  pascal-case@3.1.2:
    resolution: {integrity: sha512-uWlGT3YSnK9x3BQJaOdcZwrnV6hPpd8jFH1/ucpiLRPh/2zCVJKS19E4GvYHvaCcACn3foXZ0cLB9Wrx1KGe5g==}

  path-case@3.0.4:
    resolution: {integrity: sha512-qO4qCFjXqVTrcbPt/hQfhTQ+VhFsqNKOPtytgNKkKxSoEp3XPUQ8ObFuePylOIok5gjn69ry8XiULxCwot3Wfg==}

  sentence-case@3.0.4:
    resolution: {integrity: sha512-8LS0JInaQMCRoQ7YUytAo/xUu5W2XnQxV2HI/6uM6U7CITS1RqPElr30V6uIqyMKM9lJGRVFy5/4CuzcixNYSg==}

  snake-case@3.0.4:
    resolution: {integrity: sha512-LAOh4z89bGQvl9pFfNF8V146i7o7/CqFPbqzYgP+yYzDIDeS9HaNFtXABamRW+AQzEVODcvE79ljJ+8a9YSdMg==}

  sponge-case@1.0.1:
    resolution: {integrity: sha512-dblb9Et4DAtiZ5YSUZHLl4XhH4uK80GhAZrVXdN4O2P4gQ40Wa5UIOPUHlA/nFd2PLblBZWUioLMMAVrgpoYcA==}

  swap-case@2.0.2:
    resolution: {integrity: sha512-kc6S2YS/2yXbtkSMunBtKdah4VFETZ8Oh6ONSmSd9bRxhqTrtARUCBUiWXH3xVPpvR7tz2CSnkuXVE42EcGnMw==}

  sync-fetch@0.6.0-2:
    resolution: {integrity: sha512-c7AfkZ9udatCuAy9RSfiGPpeOKKUAUK5e1cXadLOGUjasdxqYqAK0jTNkM/FSEyJ3a5Ra27j/tw/PS0qLmaF/A==}
    engines: {node: '>=18'}

  timeout-signal@2.0.0:
    resolution: {integrity: sha512-YBGpG4bWsHoPvofT6y/5iqulfXIiIErl5B0LdtHT1mGXDFTAhhRrbUpTvBgYbovr+3cKblya2WAOcpoy90XguA==}
    engines: {node: '>=16'}

  title-case@3.0.3:
    resolution: {integrity: sha512-e1zGYRvbffpcHIrnuqT0Dh+gEJtDaxDSoG4JAIpq4oDFyooziLBIiYQv0GBT4FUAnUop5uZ1hiIAj7oAF6sOCA==}

  tslib@2.6.3:
    resolution: {integrity: sha512-xNvxJEOUiWPGhUuUdQgAJPKOOJfGnIyKySOc09XkKsgdUV/3E2zvwZYdejjmRgPCgcym1juLH3226yA7sEFJKQ==}

  tslib@2.8.1:
    resolution: {integrity: sha512-oJFu94HQb+KVduSUQL7wnpmqnfmLsOA/nAh6b6EH0wCEoK0/mPeXU6c3wKDV83MkOuHPRHtSXKKU99IBazS/2w==}

  typescript@5.8.3:
    resolution: {integrity: sha512-p1diW6TqL9L07nNxvRMM7hMMw4c5XOo/1ibL4aAIGmSAt9slTE1Xgw5KWuof2uTOvCg9BY7ZRi+GaF+7sfgPeQ==}
    engines: {node: '>=14.17'}
    hasBin: true

  undici-types@6.21.0:
    resolution: {integrity: sha512-iwDZqg0QAGrg9Rav5H4n0M64c3mkR59cJ6wQp+7C4nI0gsmExaedaYLNO44eT4AtBBwjbTiGPMlt2Md0T9H9JQ==}

  upper-case-first@2.0.2:
    resolution: {integrity: sha512-514ppYHBaKwfJRK/pNC6c/OxfGa0obSnAl106u97Ed0I625Nin96KAjttZF6ZL3e1XLtphxnqrOi9iWgm+u+bg==}

  upper-case@2.0.2:
    resolution: {integrity: sha512-KgdgDGJt2TpuwBUIjgG6lzw2GWFRCW9Qkfkiv0DxqHHLYJHmtmdUIKcZd8rHgFSjopVTlw6ggzCm1b8MFQwikg==}

  urlpattern-polyfill@10.1.0:
    resolution: {integrity: sha512-IGjKp/o0NL3Bso1PymYURCJxMPNAf/ILOpendP9f5B6e1rTJgdgiOvgfoT8VxCAdY+Wisb9uhGaJJf3yZ2V9nw==}

  web-streams-polyfill@3.3.3:
    resolution: {integrity: sha512-d2JWLCivmZYTSIoge9MsgFCZrt571BikcWGYkjC1khllbTeDlGqZ2D8vD8E/lJa8WGWbb7Plm8/XJYV7IJHZZw==}
    engines: {node: '>= 8'}

  whatwg-mimetype@4.0.0:
    resolution: {integrity: sha512-QaKxh0eNIi2mE9p2vEdzfagOKHCcj1pJ56EEHGQOVxp8r9/iszLUUV7v89x9O1p/T+NlTM5W7jW6+cz4Fq1YVg==}
    engines: {node: '>=18'}

snapshots:

  '@fastify/busboy@3.1.1': {}

  '@graphql-codegen/plugin-helpers@5.1.1(graphql@16.11.0)':
    dependencies:
      '@graphql-tools/utils': 10.8.6(graphql@16.11.0)
      change-case-all: 1.0.15
      common-tags: 1.8.2
      graphql: 16.11.0
      import-from: 4.0.0
      lodash: 4.17.21
      tslib: 2.6.3

  '@graphql-tools/apollo-engine-loader@8.0.20(graphql@16.11.0)':
    dependencies:
      '@graphql-tools/utils': 10.8.6(graphql@16.11.0)
      '@whatwg-node/fetch': 0.10.8
      graphql: 16.11.0
      sync-fetch: 0.6.0-2
      tslib: 2.8.1

  '@graphql-tools/utils@10.8.6(graphql@16.11.0)':
    dependencies:
      '@graphql-typed-document-node/core': 3.2.0(graphql@16.11.0)
      '@whatwg-node/promise-helpers': 1.3.2
      cross-inspect: 1.0.1
      dset: 3.1.4
      graphql: 16.11.0
      tslib: 2.8.1

  '@graphql-typed-document-node/core@3.2.0(graphql@16.11.0)':
    dependencies:
      graphql: 16.11.0

  '@types/node@20.19.2':
    dependencies:
      undici-types: 6.21.0

  '@whatwg-node/disposablestack@0.0.6':
    dependencies:
      '@whatwg-node/promise-helpers': 1.3.2
      tslib: 2.8.1

  '@whatwg-node/fetch@0.10.8':
    dependencies:
      '@whatwg-node/node-fetch': 0.7.21
      urlpattern-polyfill: 10.1.0

  '@whatwg-node/node-fetch@0.7.21':
    dependencies:
      '@fastify/busboy': 3.1.1
      '@whatwg-node/disposablestack': 0.0.6
      '@whatwg-node/promise-helpers': 1.3.2
      tslib: 2.8.1

  '@whatwg-node/promise-helpers@1.3.2':
    dependencies:
      tslib: 2.8.1

  camel-case@4.1.2:
    dependencies:
      pascal-case: 3.1.2
      tslib: 2.6.3

  capital-case@1.0.4:
    dependencies:
      no-case: 3.0.4
      tslib: 2.6.3
      upper-case-first: 2.0.2

  change-case-all@1.0.15:
    dependencies:
      change-case: 4.1.2
      is-lower-case: 2.0.2
      is-upper-case: 2.0.2
      lower-case: 2.0.2
      lower-case-first: 2.0.2
      sponge-case: 1.0.1
      swap-case: 2.0.2
      title-case: 3.0.3
      upper-case: 2.0.2
      upper-case-first: 2.0.2

  change-case@4.1.2:
    dependencies:
      camel-case: 4.1.2
      capital-case: 1.0.4
      constant-case: 3.0.4
      dot-case: 3.0.4
      header-case: 2.0.4
      no-case: 3.0.4
      param-case: 3.0.4
      pascal-case: 3.1.2
      path-case: 3.0.4
      sentence-case: 3.0.4
      snake-case: 3.0.4
      tslib: 2.6.3

  common-tags@1.8.2: {}

  constant-case@3.0.4:
    dependencies:
      no-case: 3.0.4
      tslib: 2.6.3
      upper-case: 2.0.2

  cross-inspect@1.0.1:
    dependencies:
      tslib: 2.8.1

  data-uri-to-buffer@4.0.1: {}

  dot-case@3.0.4:
    dependencies:
      no-case: 3.0.4
      tslib: 2.6.3

  dset@3.1.4: {}

  fetch-blob@3.2.0:
    dependencies:
      node-domexception: 1.0.0
      web-streams-polyfill: 3.3.3

  formdata-polyfill@4.0.10:
    dependencies:
      fetch-blob: 3.2.0

  graphql@16.11.0: {}

  header-case@2.0.4:
    dependencies:
      capital-case: 1.0.4
      tslib: 2.6.3

  import-from@4.0.0: {}

  is-lower-case@2.0.2:
    dependencies:
      tslib: 2.6.3

  is-upper-case@2.0.2:
    dependencies:
      tslib: 2.6.3

  lodash@4.17.21: {}

  lower-case-first@2.0.2:
    dependencies:
      tslib: 2.6.3

  lower-case@2.0.2:
    dependencies:
      tslib: 2.6.3

  no-case@3.0.4:
    dependencies:
      lower-case: 2.0.2
      tslib: 2.6.3

  node-domexception@1.0.0: {}

  node-fetch@3.3.2:
    dependencies:
      data-uri-to-buffer: 4.0.1
      fetch-blob: 3.2.0
      formdata-polyfill: 4.0.10

  param-case@3.0.4:
    dependencies:
      dot-case: 3.0.4
      tslib: 2.6.3

  pascal-case@3.1.2:
    dependencies:
      no-case: 3.0.4
      tslib: 2.6.3

  path-case@3.0.4:
    dependencies:
      dot-case: 3.0.4
      tslib: 2.6.3

  sentence-case@3.0.4:
    dependencies:
      no-case: 3.0.4
      tslib: 2.6.3
      upper-case-first: 2.0.2

  snake-case@3.0.4:
    dependencies:
      dot-case: 3.0.4
      tslib: 2.6.3

  sponge-case@1.0.1:
    dependencies:
      tslib: 2.6.3

  swap-case@2.0.2:
    dependencies:
      tslib: 2.6.3

  sync-fetch@0.6.0-2:
    dependencies:
      node-fetch: 3.3.2
      timeout-signal: 2.0.0
      whatwg-mimetype: 4.0.0

  timeout-signal@2.0.0: {}

  title-case@3.0.3:
    dependencies:
      tslib: 2.6.3

  tslib@2.6.3: {}

  tslib@2.8.1: {}

  typescript@5.8.3: {}

  undici-types@6.21.0: {}

  upper-case-first@2.0.2:
    dependencies:
      tslib: 2.6.3

  upper-case@2.0.2:
    dependencies:
      tslib: 2.6.3

  urlpattern-polyfill@10.1.0: {}

  web-streams-polyfill@3.3.3: {}

  whatwg-mimetype@4.0.0: {}
